// !$*UTF8*$!
{
	archiveVersion = 1;
	classes = {
	};
	objectVersion = 46;
	objects = {

/* Begin PBXBuildFile section */
		34A304BB4B75428496901417 /* libPods.a in Frameworks */ = {isa = PBXBuildFile; fileRef = 70501651D7E24FCBA5FA6851 /* libPods.a */; };
		E124D49718F7552D007E679B /* RRNBeaconButton.m in Sources */ = {isa = PBXBuildFile; fileRef = E124D49618F7552D007E679B /* RRNBeaconButton.m */; };
		E1615CCE18EF207900F631C1 /* Foundation.framework in Frameworks */ = {isa = PBXBuildFile; fileRef = E1615CCD18EF207900F631C1 /* Foundation.framework */; };
		E1615CD018EF207900F631C1 /* CoreGraphics.framework in Frameworks */ = {isa = PBXBuildFile; fileRef = E1615CCF18EF207900F631C1 /* CoreGraphics.framework */; };
		E1615CD218EF207900F631C1 /* UIKit.framework in Frameworks */ = {isa = PBXBuildFile; fileRef = E1615CD118EF207900F631C1 /* UIKit.framework */; };
		E1615CD818EF207900F631C1 /* InfoPlist.strings in Resources */ = {isa = PBXBuildFile; fileRef = E1615CD618EF207900F631C1 /* InfoPlist.strings */; };
		E1615CDA18EF207900F631C1 /* main.m in Sources */ = {isa = PBXBuildFile; fileRef = E1615CD918EF207900F631C1 /* main.m */; };
		E1615CDE18EF207900F631C1 /* RRNAppDelegate.m in Sources */ = {isa = PBXBuildFile; fileRef = E1615CDD18EF207900F631C1 /* RRNAppDelegate.m */; };
		E1615CE118EF207900F631C1 /* Main.storyboard in Resources */ = {isa = PBXBuildFile; fileRef = E1615CDF18EF207900F631C1 /* Main.storyboard */; };
		E1615CE418EF207900F631C1 /* RRNViewController.m in Sources */ = {isa = PBXBuildFile; fileRef = E1615CE318EF207900F631C1 /* RRNViewController.m */; };
		E1615CE618EF207900F631C1 /* Images.xcassets in Resources */ = {isa = PBXBuildFile; fileRef = E1615CE518EF207900F631C1 /* Images.xcassets */; };
		E1615CED18EF207900F631C1 /* XCTest.framework in Frameworks */ = {isa = PBXBuildFile; fileRef = E1615CEC18EF207900F631C1 /* XCTest.framework */; };
		E1615CEE18EF207900F631C1 /* Foundation.framework in Frameworks */ = {isa = PBXBuildFile; fileRef = E1615CCD18EF207900F631C1 /* Foundation.framework */; };
		E1615CEF18EF207900F631C1 /* UIKit.framework in Frameworks */ = {isa = PBXBuildFile; fileRef = E1615CD118EF207900F631C1 /* UIKit.framework */; };
		E1615CF718EF207A00F631C1 /* InfoPlist.strings in Resources */ = {isa = PBXBuildFile; fileRef = E1615CF518EF207A00F631C1 /* InfoPlist.strings */; };
		E1615CF918EF207A00F631C1 /* rrn_iosTests.m in Sources */ = {isa = PBXBuildFile; fileRef = E1615CF818EF207A00F631C1 /* rrn_iosTests.m */; };
		E1F168F61911B52A00A3DCD0 /* RRNBeaconAudioPlayer.m in Sources */ = {isa = PBXBuildFile; fileRef = E1F168F51911B52A00A3DCD0 /* RRNBeaconAudioPlayer.m */; };
/* End PBXBuildFile section */

/* Begin PBXContainerItemProxy section */
		E1615CF018EF207900F631C1 /* PBXContainerItemProxy */ = {
			isa = PBXContainerItemProxy;
			containerPortal = E1615CC218EF207900F631C1 /* Project object */;
			proxyType = 1;
			remoteGlobalIDString = E1615CC918EF207900F631C1;
			remoteInfo = rrn_ios;
		};
/* End PBXContainerItemProxy section */

/* Begin PBXFileReference section */
		70501651D7E24FCBA5FA6851 /* libPods.a */ = {isa = PBXFileReference; explicitFileType = archive.ar; includeInIndex = 0; path = libPods.a; sourceTree = BUILT_PRODUCTS_DIR; };
		81E64A1301B442AAA0646515 /* Pods.xcconfig */ = {isa = PBXFileReference; includeInIndex = 1; lastKnownFileType = text.xcconfig; name = Pods.xcconfig; path = Pods/Pods.xcconfig; sourceTree = "<group>"; };
		E124D49518F7552D007E679B /* RRNBeaconButton.h */ = {isa = PBXFileReference; fileEncoding = 4; lastKnownFileType = sourcecode.c.h; path = RRNBeaconButton.h; sourceTree = "<group>"; };
		E124D49618F7552D007E679B /* RRNBeaconButton.m */ = {isa = PBXFileReference; fileEncoding = 4; lastKnownFileType = sourcecode.c.objc; path = RRNBeaconButton.m; sourceTree = "<group>"; };
		E1615CCA18EF207900F631C1 /* MoA Mobile.app */ = {isa = PBXFileReference; explicitFileType = wrapper.application; includeInIndex = 0; path = "MoA Mobile.app"; sourceTree = BUILT_PRODUCTS_DIR; };
		E1615CCD18EF207900F631C1 /* Foundation.framework */ = {isa = PBXFileReference; lastKnownFileType = wrapper.framework; name = Foundation.framework; path = System/Library/Frameworks/Foundation.framework; sourceTree = SDKROOT; };
		E1615CCF18EF207900F631C1 /* CoreGraphics.framework */ = {isa = PBXFileReference; lastKnownFileType = wrapper.framework; name = CoreGraphics.framework; path = System/Library/Frameworks/CoreGraphics.framework; sourceTree = SDKROOT; };
		E1615CD118EF207900F631C1 /* UIKit.framework */ = {isa = PBXFileReference; lastKnownFileType = wrapper.framework; name = UIKit.framework; path = System/Library/Frameworks/UIKit.framework; sourceTree = SDKROOT; };
		E1615CD518EF207900F631C1 /* rrn_ios-Info.plist */ = {isa = PBXFileReference; lastKnownFileType = text.plist.xml; path = "rrn_ios-Info.plist"; sourceTree = "<group>"; };
		E1615CD718EF207900F631C1 /* en */ = {isa = PBXFileReference; lastKnownFileType = text.plist.strings; name = en; path = en.lproj/InfoPlist.strings; sourceTree = "<group>"; };
		E1615CD918EF207900F631C1 /* main.m */ = {isa = PBXFileReference; lastKnownFileType = sourcecode.c.objc; path = main.m; sourceTree = "<group>"; };
		E1615CDB18EF207900F631C1 /* rrn_ios-Prefix.pch */ = {isa = PBXFileReference; lastKnownFileType = sourcecode.c.h; path = "rrn_ios-Prefix.pch"; sourceTree = "<group>"; };
		E1615CDC18EF207900F631C1 /* RRNAppDelegate.h */ = {isa = PBXFileReference; lastKnownFileType = sourcecode.c.h; path = RRNAppDelegate.h; sourceTree = "<group>"; };
		E1615CDD18EF207900F631C1 /* RRNAppDelegate.m */ = {isa = PBXFileReference; lastKnownFileType = sourcecode.c.objc; path = RRNAppDelegate.m; sourceTree = "<group>"; };
		E1615CE018EF207900F631C1 /* Base */ = {isa = PBXFileReference; lastKnownFileType = file.storyboard; name = Base; path = Base.lproj/Main.storyboard; sourceTree = "<group>"; };
		E1615CE218EF207900F631C1 /* RRNViewController.h */ = {isa = PBXFileReference; lastKnownFileType = sourcecode.c.h; path = RRNViewController.h; sourceTree = "<group>"; };
		E1615CE318EF207900F631C1 /* RRNViewController.m */ = {isa = PBXFileReference; lastKnownFileType = sourcecode.c.objc; path = RRNViewController.m; sourceTree = "<group>"; };
		E1615CE518EF207900F631C1 /* Images.xcassets */ = {isa = PBXFileReference; lastKnownFileType = folder.assetcatalog; path = Images.xcassets; sourceTree = "<group>"; };
		E1615CEB18EF207900F631C1 /* rrn_iosTests.xctest */ = {isa = PBXFileReference; explicitFileType = wrapper.cfbundle; includeInIndex = 0; path = rrn_iosTests.xctest; sourceTree = BUILT_PRODUCTS_DIR; };
		E1615CEC18EF207900F631C1 /* XCTest.framework */ = {isa = PBXFileReference; lastKnownFileType = wrapper.framework; name = XCTest.framework; path = Library/Frameworks/XCTest.framework; sourceTree = DEVELOPER_DIR; };
		E1615CF418EF207900F631C1 /* rrn_iosTests-Info.plist */ = {isa = PBXFileReference; lastKnownFileType = text.plist.xml; path = "rrn_iosTests-Info.plist"; sourceTree = "<group>"; };
		E1615CF618EF207A00F631C1 /* en */ = {isa = PBXFileReference; lastKnownFileType = text.plist.strings; name = en; path = en.lproj/InfoPlist.strings; sourceTree = "<group>"; };
		E1615CF818EF207A00F631C1 /* rrn_iosTests.m */ = {isa = PBXFileReference; lastKnownFileType = sourcecode.c.objc; path = rrn_iosTests.m; sourceTree = "<group>"; };
		E1F168F41911B52A00A3DCD0 /* RRNBeaconAudioPlayer.h */ = {isa = PBXFileReference; fileEncoding = 4; lastKnownFileType = sourcecode.c.h; path = RRNBeaconAudioPlayer.h; sourceTree = "<group>"; };
		E1F168F51911B52A00A3DCD0 /* RRNBeaconAudioPlayer.m */ = {isa = PBXFileReference; fileEncoding = 4; lastKnownFileType = sourcecode.c.objc; path = RRNBeaconAudioPlayer.m; sourceTree = "<group>"; };
/* End PBXFileReference section */

/* Begin PBXFrameworksBuildPhase section */
		E1615CC718EF207900F631C1 /* Frameworks */ = {
			isa = PBXFrameworksBuildPhase;
			buildActionMask = 2147483647;
			files = (
				E1615CD018EF207900F631C1 /* CoreGraphics.framework in Frameworks */,
				E1615CD218EF207900F631C1 /* UIKit.framework in Frameworks */,
				E1615CCE18EF207900F631C1 /* Foundation.framework in Frameworks */,
				34A304BB4B75428496901417 /* libPods.a in Frameworks */,
			);
			runOnlyForDeploymentPostprocessing = 0;
		};
		E1615CE818EF207900F631C1 /* Frameworks */ = {
			isa = PBXFrameworksBuildPhase;
			buildActionMask = 2147483647;
			files = (
				E1615CED18EF207900F631C1 /* XCTest.framework in Frameworks */,
				E1615CEF18EF207900F631C1 /* UIKit.framework in Frameworks */,
				E1615CEE18EF207900F631C1 /* Foundation.framework in Frameworks */,
			);
			runOnlyForDeploymentPostprocessing = 0;
		};
/* End PBXFrameworksBuildPhase section */

/* Begin PBXGroup section */
		E1615CC118EF207900F631C1 = {
			isa = PBXGroup;
			children = (
				E1615CD318EF207900F631C1 /* rrn_ios */,
				E1615CF218EF207900F631C1 /* rrn_iosTests */,
				E1615CCC18EF207900F631C1 /* Frameworks */,
				E1615CCB18EF207900F631C1 /* Products */,
				81E64A1301B442AAA0646515 /* Pods.xcconfig */,
			);
			sourceTree = "<group>";
		};
		E1615CCB18EF207900F631C1 /* Products */ = {
			isa = PBXGroup;
			children = (
				E1615CCA18EF207900F631C1 /* MoA Mobile.app */,
				E1615CEB18EF207900F631C1 /* rrn_iosTests.xctest */,
			);
			name = Products;
			sourceTree = "<group>";
		};
		E1615CCC18EF207900F631C1 /* Frameworks */ = {
			isa = PBXGroup;
			children = (
				E1615CCD18EF207900F631C1 /* Foundation.framework */,
				E1615CCF18EF207900F631C1 /* CoreGraphics.framework */,
				E1615CD118EF207900F631C1 /* UIKit.framework */,
				E1615CEC18EF207900F631C1 /* XCTest.framework */,
				70501651D7E24FCBA5FA6851 /* libPods.a */,
			);
			name = Frameworks;
			sourceTree = "<group>";
		};
		E1615CD318EF207900F631C1 /* rrn_ios */ = {
			isa = PBXGroup;
			children = (
				E1615CE518EF207900F631C1 /* Images.xcassets */,
				E1615CDF18EF207900F631C1 /* Main.storyboard */,
				E1615CDC18EF207900F631C1 /* RRNAppDelegate.h */,
				E1615CDD18EF207900F631C1 /* RRNAppDelegate.m */,
				E1F168F41911B52A00A3DCD0 /* RRNBeaconAudioPlayer.h */,
				E1F168F51911B52A00A3DCD0 /* RRNBeaconAudioPlayer.m */,
				E124D49518F7552D007E679B /* RRNBeaconButton.h */,
				E124D49618F7552D007E679B /* RRNBeaconButton.m */,
				E1615CE218EF207900F631C1 /* RRNViewController.h */,
				E1615CE318EF207900F631C1 /* RRNViewController.m */,
				E1615CD418EF207900F631C1 /* Supporting Files */,
			);
			path = rrn_ios;
			sourceTree = "<group>";
		};
		E1615CD418EF207900F631C1 /* Supporting Files */ = {
			isa = PBXGroup;
			children = (
				E1615CD518EF207900F631C1 /* rrn_ios-Info.plist */,
				E1615CD618EF207900F631C1 /* InfoPlist.strings */,
				E1615CD918EF207900F631C1 /* main.m */,
				E1615CDB18EF207900F631C1 /* rrn_ios-Prefix.pch */,
			);
			name = "Supporting Files";
			sourceTree = "<group>";
		};
		E1615CF218EF207900F631C1 /* rrn_iosTests */ = {
			isa = PBXGroup;
			children = (
				E1615CF818EF207A00F631C1 /* rrn_iosTests.m */,
				E1615CF318EF207900F631C1 /* Supporting Files */,
			);
			path = rrn_iosTests;
			sourceTree = "<group>";
		};
		E1615CF318EF207900F631C1 /* Supporting Files */ = {
			isa = PBXGroup;
			children = (
				E1615CF418EF207900F631C1 /* rrn_iosTests-Info.plist */,
				E1615CF518EF207A00F631C1 /* InfoPlist.strings */,
			);
			name = "Supporting Files";
			sourceTree = "<group>";
		};
/* End PBXGroup section */

/* Begin PBXNativeTarget section */
		E1615CC918EF207900F631C1 /* rrn_ios */ = {
			isa = PBXNativeTarget;
			buildConfigurationList = E1615CFC18EF207A00F631C1 /* Build configuration list for PBXNativeTarget "rrn_ios" */;
			buildPhases = (
				33B3DAA73F55467B8D41A2BC /* Check Pods Manifest.lock */,
				E1615CC618EF207900F631C1 /* Sources */,
				E1615CC718EF207900F631C1 /* Frameworks */,
				E1615CC818EF207900F631C1 /* Resources */,
				46DDA89095B8409C89409CF2 /* Copy Pods Resources */,
			);
			buildRules = (
			);
			dependencies = (
			);
			name = rrn_ios;
			productName = rrn_ios;
			productReference = E1615CCA18EF207900F631C1 /* MoA Mobile.app */;
			productType = "com.apple.product-type.application";
		};
		E1615CEA18EF207900F631C1 /* rrn_iosTests */ = {
			isa = PBXNativeTarget;
			buildConfigurationList = E1615CFF18EF207A00F631C1 /* Build configuration list for PBXNativeTarget "rrn_iosTests" */;
			buildPhases = (
				E1615CE718EF207900F631C1 /* Sources */,
				E1615CE818EF207900F631C1 /* Frameworks */,
				E1615CE918EF207900F631C1 /* Resources */,
			);
			buildRules = (
			);
			dependencies = (
				E1615CF118EF207900F631C1 /* PBXTargetDependency */,
			);
			name = rrn_iosTests;
			productName = rrn_iosTests;
			productReference = E1615CEB18EF207900F631C1 /* rrn_iosTests.xctest */;
			productType = "com.apple.product-type.bundle.unit-test";
		};
/* End PBXNativeTarget section */

/* Begin PBXProject section */
		E1615CC218EF207900F631C1 /* Project object */ = {
			isa = PBXProject;
			attributes = {
				CLASSPREFIX = RRN;
				LastUpgradeCheck = 0510;
				ORGANIZATIONNAME = "Culture Code";
				TargetAttributes = {
					E1615CC918EF207900F631C1 = {
						SystemCapabilities = {
							com.apple.BackgroundModes = {
								enabled = 1;
							};
						};
					};
					E1615CEA18EF207900F631C1 = {
						TestTargetID = E1615CC918EF207900F631C1;
					};
				};
			};
			buildConfigurationList = E1615CC518EF207900F631C1 /* Build configuration list for PBXProject "rrn_ios" */;
			compatibilityVersion = "Xcode 3.2";
			developmentRegion = English;
			hasScannedForEncodings = 0;
			knownRegions = (
				en,
				Base,
			);
			mainGroup = E1615CC118EF207900F631C1;
			productRefGroup = E1615CCB18EF207900F631C1 /* Products */;
			projectDirPath = "";
			projectRoot = "";
			targets = (
				E1615CC918EF207900F631C1 /* rrn_ios */,
				E1615CEA18EF207900F631C1 /* rrn_iosTests */,
			);
		};
/* End PBXProject section */

/* Begin PBXResourcesBuildPhase section */
		E1615CC818EF207900F631C1 /* Resources */ = {
			isa = PBXResourcesBuildPhase;
			buildActionMask = 2147483647;
			files = (
				E1615CE618EF207900F631C1 /* Images.xcassets in Resources */,
				E1615CD818EF207900F631C1 /* InfoPlist.strings in Resources */,
				E1615CE118EF207900F631C1 /* Main.storyboard in Resources */,
			);
			runOnlyForDeploymentPostprocessing = 0;
		};
		E1615CE918EF207900F631C1 /* Resources */ = {
			isa = PBXResourcesBuildPhase;
			buildActionMask = 2147483647;
			files = (
				E1615CF718EF207A00F631C1 /* InfoPlist.strings in Resources */,
			);
			runOnlyForDeploymentPostprocessing = 0;
		};
/* End PBXResourcesBuildPhase section */

/* Begin PBXShellScriptBuildPhase section */
		33B3DAA73F55467B8D41A2BC /* Check Pods Manifest.lock */ = {
			isa = PBXShellScriptBuildPhase;
			buildActionMask = 2147483647;
			files = (
			);
			inputPaths = (
			);
			name = "Check Pods Manifest.lock";
			outputPaths = (
			);
			runOnlyForDeploymentPostprocessing = 0;
			shellPath = /bin/sh;
			shellScript = "diff \"${PODS_ROOT}/../Podfile.lock\" \"${PODS_ROOT}/Manifest.lock\" > /dev/null\nif [[ $? != 0 ]] ; then\n    cat << EOM\nerror: The sandbox is not in sync with the Podfile.lock. Run 'pod install' or update your CocoaPods installation.\nEOM\n    exit 1\nfi\n";
			showEnvVarsInLog = 0;
		};
		46DDA89095B8409C89409CF2 /* Copy Pods Resources */ = {
			isa = PBXShellScriptBuildPhase;
			buildActionMask = 2147483647;
			files = (
			);
			inputPaths = (
			);
			name = "Copy Pods Resources";
			outputPaths = (
			);
			runOnlyForDeploymentPostprocessing = 0;
			shellPath = /bin/sh;
			shellScript = "\"${SRCROOT}/Pods/Pods-resources.sh\"\n";
			showEnvVarsInLog = 0;
		};
/* End PBXShellScriptBuildPhase section */

/* Begin PBXSourcesBuildPhase section */
		E1615CC618EF207900F631C1 /* Sources */ = {
			isa = PBXSourcesBuildPhase;
			buildActionMask = 2147483647;
			files = (
				E1F168F61911B52A00A3DCD0 /* RRNBeaconAudioPlayer.m in Sources */,
				E1615CDA18EF207900F631C1 /* main.m in Sources */,
				E1615CDE18EF207900F631C1 /* RRNAppDelegate.m in Sources */,
				E124D49718F7552D007E679B /* RRNBeaconButton.m in Sources */,
				E1615CE418EF207900F631C1 /* RRNViewController.m in Sources */,
			);
			runOnlyForDeploymentPostprocessing = 0;
		};
		E1615CE718EF207900F631C1 /* Sources */ = {
			isa = PBXSourcesBuildPhase;
			buildActionMask = 2147483647;
			files = (
				E1615CF918EF207A00F631C1 /* rrn_iosTests.m in Sources */,
			);
			runOnlyForDeploymentPostprocessing = 0;
		};
/* End PBXSourcesBuildPhase section */

/* Begin PBXTargetDependency section */
		E1615CF118EF207900F631C1 /* PBXTargetDependency */ = {
			isa = PBXTargetDependency;
			target = E1615CC918EF207900F631C1 /* rrn_ios */;
			targetProxy = E1615CF018EF207900F631C1 /* PBXContainerItemProxy */;
		};
/* End PBXTargetDependency section */

/* Begin PBXVariantGroup section */
		E1615CD618EF207900F631C1 /* InfoPlist.strings */ = {
			isa = PBXVariantGroup;
			children = (
				E1615CD718EF207900F631C1 /* en */,
			);
			name = InfoPlist.strings;
			sourceTree = "<group>";
		};
		E1615CDF18EF207900F631C1 /* Main.storyboard */ = {
			isa = PBXVariantGroup;
			children = (
				E1615CE018EF207900F631C1 /* Base */,
			);
			name = Main.storyboard;
			sourceTree = "<group>";
		};
		E1615CF518EF207A00F631C1 /* InfoPlist.strings */ = {
			isa = PBXVariantGroup;
			children = (
				E1615CF618EF207A00F631C1 /* en */,
			);
			name = InfoPlist.strings;
			sourceTree = "<group>";
		};
/* End PBXVariantGroup section */

/* Begin XCBuildConfiguration section */
		E1615CFA18EF207A00F631C1 /* Debug */ = {
			isa = XCBuildConfiguration;
			buildSettings = {
				ALWAYS_SEARCH_USER_PATHS = NO;
				CLANG_CXX_LANGUAGE_STANDARD = "gnu++0x";
				CLANG_CXX_LIBRARY = "libc++";
				CLANG_ENABLE_MODULES = YES;
				CLANG_ENABLE_OBJC_ARC = YES;
				CLANG_WARN_BOOL_CONVERSION = YES;
				CLANG_WARN_CONSTANT_CONVERSION = YES;
				CLANG_WARN_DIRECT_OBJC_ISA_USAGE = YES_ERROR;
				CLANG_WARN_EMPTY_BODY = YES;
				CLANG_WARN_ENUM_CONVERSION = YES;
				CLANG_WARN_INT_CONVERSION = YES;
				CLANG_WARN_OBJC_ROOT_CLASS = YES_ERROR;
				CLANG_WARN__DUPLICATE_METHOD_MATCH = YES;
				"CODE_SIGN_IDENTITY[sdk=iphoneos*]" = "iPhone Developer";
				COPY_PHASE_STRIP = NO;
				GCC_C_LANGUAGE_STANDARD = gnu99;
				GCC_DYNAMIC_NO_PIC = NO;
				GCC_OPTIMIZATION_LEVEL = 0;
				GCC_PREPROCESSOR_DEFINITIONS = (
					"DEBUG=1",
					"$(inherited)",
				);
				GCC_SYMBOLS_PRIVATE_EXTERN = NO;
				GCC_WARN_64_TO_32_BIT_CONVERSION = YES;
				GCC_WARN_ABOUT_RETURN_TYPE = YES_ERROR;
				GCC_WARN_UNDECLARED_SELECTOR = YES;
				GCC_WARN_UNINITIALIZED_AUTOS = YES_AGGRESSIVE;
				GCC_WARN_UNUSED_FUNCTION = YES;
				GCC_WARN_UNUSED_VARIABLE = YES;
				IPHONEOS_DEPLOYMENT_TARGET = 7.1;
				ONLY_ACTIVE_ARCH = YES;
				SDKROOT = iphoneos;
			};
			name = Debug;
		};
		E1615CFB18EF207A00F631C1 /* Release */ = {
			isa = XCBuildConfiguration;
			buildSettings = {
				ALWAYS_SEARCH_USER_PATHS = NO;
				CLANG_CXX_LANGUAGE_STANDARD = "gnu++0x";
				CLANG_CXX_LIBRARY = "libc++";
				CLANG_ENABLE_MODULES = YES;
				CLANG_ENABLE_OBJC_ARC = YES;
				CLANG_WARN_BOOL_CONVERSION = YES;
				CLANG_WARN_CONSTANT_CONVERSION = YES;
				CLANG_WARN_DIRECT_OBJC_ISA_USAGE = YES_ERROR;
				CLANG_WARN_EMPTY_BODY = YES;
				CLANG_WARN_ENUM_CONVERSION = YES;
				CLANG_WARN_INT_CONVERSION = YES;
				CLANG_WARN_OBJC_ROOT_CLASS = YES_ERROR;
				CLANG_WARN__DUPLICATE_METHOD_MATCH = YES;
				"CODE_SIGN_IDENTITY[sdk=iphoneos*]" = "iPhone Developer";
				COPY_PHASE_STRIP = YES;
				ENABLE_NS_ASSERTIONS = NO;
				GCC_C_LANGUAGE_STANDARD = gnu99;
				GCC_WARN_64_TO_32_BIT_CONVERSION = YES;
				GCC_WARN_ABOUT_RETURN_TYPE = YES_ERROR;
				GCC_WARN_UNDECLARED_SELECTOR = YES;
				GCC_WARN_UNINITIALIZED_AUTOS = YES_AGGRESSIVE;
				GCC_WARN_UNUSED_FUNCTION = YES;
				GCC_WARN_UNUSED_VARIABLE = YES;
				IPHONEOS_DEPLOYMENT_TARGET = 7.1;
				SDKROOT = iphoneos;
				VALIDATE_PRODUCT = YES;
			};
			name = Release;
		};
		E1615CFD18EF207A00F631C1 /* Debug */ = {
			isa = XCBuildConfiguration;
			baseConfigurationReference = 81E64A1301B442AAA0646515 /* Pods.xcconfig */;
			buildSettings = {
				ASSETCATALOG_COMPILER_APPICON_NAME = AppIcon;
				ASSETCATALOG_COMPILER_LAUNCHIMAGE_NAME = LaunchImage;
				GCC_PRECOMPILE_PREFIX_HEADER = YES;
				GCC_PREFIX_HEADER = "rrn_ios/rrn_ios-Prefix.pch";
				INFOPLIST_FILE = "rrn_ios/rrn_ios-Info.plist";
				PRODUCT_NAME = "MoA Mobile";
				WRAPPER_EXTENSION = app;
			};
			name = Debug;
		};
		E1615CFE18EF207A00F631C1 /* Release */ = {
			isa = XCBuildConfiguration;
			baseConfigurationReference = 81E64A1301B442AAA0646515 /* Pods.xcconfig */;
			buildSettings = {
				ASSETCATALOG_COMPILER_APPICON_NAME = AppIcon;
				ASSETCATALOG_COMPILER_LAUNCHIMAGE_NAME = LaunchImage;
				GCC_PRECOMPILE_PREFIX_HEADER = YES;
				GCC_PREFIX_HEADER = "rrn_ios/rrn_ios-Prefix.pch";
				INFOPLIST_FILE = "rrn_ios/rrn_ios-Info.plist";
				PRODUCT_NAME = "MoA Mobile";
				WRAPPER_EXTENSION = app;
			};
			name = Release;
		};
		E1615D0018EF207A00F631C1 /* Debug */ = {
			isa = XCBuildConfiguration;
			buildSettings = {
				BUNDLE_LOADER = "$(BUILT_PRODUCTS_DIR)/rrn_ios.app/rrn_ios";
				FRAMEWORK_SEARCH_PATHS = (
					"$(SDKROOT)/Developer/Library/Frameworks",
					"$(inherited)",
					"$(DEVELOPER_FRAMEWORKS_DIR)",
				);
				GCC_PRECOMPILE_PREFIX_HEADER = YES;
				GCC_PREFIX_HEADER = "rrn_ios/rrn_ios-Prefix.pch";
				GCC_PREPROCESSOR_DEFINITIONS = (
					"DEBUG=1",
					"$(inherited)",
				);
				INFOPLIST_FILE = "rrn_iosTests/rrn_iosTests-Info.plist";
				PRODUCT_NAME = "$(TARGET_NAME)";
				TEST_HOST = "$(BUNDLE_LOADER)";
				WRAPPER_EXTENSION = xctest;
			};
			name = Debug;
		};
		E1615D0118EF207A00F631C1 /* Release */ = {
			isa = XCBuildConfiguration;
			buildSettings = {
				BUNDLE_LOADER = "$(BUILT_PRODUCTS_DIR)/rrn_ios.app/rrn_ios";
				FRAMEWORK_SEARCH_PATHS = (
					"$(SDKROOT)/Developer/Library/Frameworks",
					"$(inherited)",
					"$(DEVELOPER_FRAMEWORKS_DIR)",
				);
				GCC_PRECOMPILE_PREFIX_HEADER = YES;
				GCC_PREFIX_HEADER = "rrn_ios/rrn_ios-Prefix.pch";
				INFOPLIST_FILE = "rrn_iosTests/rrn_iosTests-Info.plist";
				PRODUCT_NAME = "$(TARGET_NAME)";
				TEST_HOST = "$(BUNDLE_LOADER)";
				WRAPPER_EXTENSION = xctest;
			};
			name = Release;
		};
/* End XCBuildConfiguration section */

/* Begin XCConfigurationList section */
		E1615CC518EF207900F631C1 /* Build configuration list for PBXProject "rrn_ios" */ = {
			isa = XCConfigurationList;
			buildConfigurations = (
				E1615CFA18EF207A00F631C1 /* Debug */,
				E1615CFB18EF207A00F631C1 /* Release */,
			);
			defaultConfigurationIsVisible = 0;
			defaultConfigurationName = Release;
		};
		E1615CFC18EF207A00F631C1 /* Build configuration list for PBXNativeTarget "rrn_ios" */ = {
			isa = XCConfigurationList;
			buildConfigurations = (
				E1615CFD18EF207A00F631C1 /* Debug */,
				E1615CFE18EF207A00F631C1 /* Release */,
			);
			defaultConfigurationIsVisible = 0;
			defaultConfigurationName = Release;
		};
		E1615CFF18EF207A00F631C1 /* Build configuration list for PBXNativeTarget "rrn_iosTests" */ = {
			isa = XCConfigurationList;
			buildConfigurations = (
				E1615D0018EF207A00F631C1 /* Debug */,
				E1615D0118EF207A00F631C1 /* Release */,
			);
			defaultConfigurationIsVisible = 0;
			defaultConfigurationName = Release;
		};
/* End XCConfigurationList section */
	};
	rootObject = E1615CC218EF207900F631C1 /* Project object */;
}
